// !$*UTF8*$!
{
	archiveVersion = 1;
	classes = {
	};
	objectVersion = 48;
	objects = {

/* Begin PBXBuildFile section */
		00E7984B2096702500742D8C /* Pair.swift in Sources */ = {isa = PBXBuildFile; fileRef = 00E7984A2096702500742D8C /* Pair.swift */; };
		00E7984F2096741300742D8C /* pairCell.swift in Sources */ = {isa = PBXBuildFile; fileRef = 00E7984E2096741300742D8C /* pairCell.swift */; };
		00E79851209674E200742D8C /* defaultSneaker.jpg in Resources */ = {isa = PBXBuildFile; fileRef = 00E79850209674E200742D8C /* defaultSneaker.jpg */; };
		00F0504620754B190007EE14 /* AppDelegate.swift in Sources */ = {isa = PBXBuildFile; fileRef = 00F0504520754B190007EE14 /* AppDelegate.swift */; };
		00F0504820754B190007EE14 /* ViewController.swift in Sources */ = {isa = PBXBuildFile; fileRef = 00F0504720754B190007EE14 /* ViewController.swift */; };
		00F0504B20754B190007EE14 /* Main.storyboard in Resources */ = {isa = PBXBuildFile; fileRef = 00F0504920754B190007EE14 /* Main.storyboard */; };
		00F0504E20754B190007EE14 /* Devon_Honig_Final_.xcdatamodeld in Sources */ = {isa = PBXBuildFile; fileRef = 00F0504C20754B190007EE14 /* Devon_Honig_Final_.xcdatamodeld */; };
		00F0505020754B190007EE14 /* Assets.xcassets in Resources */ = {isa = PBXBuildFile; fileRef = 00F0504F20754B190007EE14 /* Assets.xcassets */; };
		00F0505320754B190007EE14 /* LaunchScreen.storyboard in Resources */ = {isa = PBXBuildFile; fileRef = 00F0505120754B190007EE14 /* LaunchScreen.storyboard */; };
		00F0505B20754BB40007EE14 /* TableViewController.swift in Sources */ = {isa = PBXBuildFile; fileRef = 00F0505A20754BB40007EE14 /* TableViewController.swift */; };
/* End PBXBuildFile section */

/* Begin PBXFileReference section */
		00E7984A2096702500742D8C /* Pair.swift */ = {isa = PBXFileReference; lastKnownFileType = sourcecode.swift; path = Pair.swift; sourceTree = "<group>"; };
		00E7984E2096741300742D8C /* pairCell.swift */ = {isa = PBXFileReference; lastKnownFileType = sourcecode.swift; path = pairCell.swift; sourceTree = "<group>"; };
		00E79850209674E200742D8C /* defaultSneaker.jpg */ = {isa = PBXFileReference; lastKnownFileType = image.jpeg; path = defaultSneaker.jpg; sourceTree = "<group>"; };
		00F0504220754B190007EE14 /* Devon-Honig(Final).app */ = {isa = PBXFileReference; explicitFileType = wrapper.application; includeInIndex = 0; path = "Devon-Honig(Final).app"; sourceTree = BUILT_PRODUCTS_DIR; };
		00F0504520754B190007EE14 /* AppDelegate.swift */ = {isa = PBXFileReference; lastKnownFileType = sourcecode.swift; path = AppDelegate.swift; sourceTree = "<group>"; };
		00F0504720754B190007EE14 /* ViewController.swift */ = {isa = PBXFileReference; lastKnownFileType = sourcecode.swift; path = ViewController.swift; sourceTree = "<group>"; };
		00F0504A20754B190007EE14 /* Base */ = {isa = PBXFileReference; lastKnownFileType = file.storyboard; name = Base; path = Base.lproj/Main.storyboard; sourceTree = "<group>"; };
		00F0504D20754B190007EE14 /* Devon_Honig_Final_.xcdatamodel */ = {isa = PBXFileReference; lastKnownFileType = wrapper.xcdatamodel; path = Devon_Honig_Final_.xcdatamodel; sourceTree = "<group>"; };
		00F0504F20754B190007EE14 /* Assets.xcassets */ = {isa = PBXFileReference; lastKnownFileType = folder.assetcatalog; path = Assets.xcassets; sourceTree = "<group>"; };
		00F0505220754B190007EE14 /* Base */ = {isa = PBXFileReference; lastKnownFileType = file.storyboard; name = Base; path = Base.lproj/LaunchScreen.storyboard; sourceTree = "<group>"; };
		00F0505420754B190007EE14 /* Info.plist */ = {isa = PBXFileReference; lastKnownFileType = text.plist.xml; path = Info.plist; sourceTree = "<group>"; };
		00F0505A20754BB40007EE14 /* TableViewController.swift */ = {isa = PBXFileReference; lastKnownFileType = sourcecode.swift; path = TableViewController.swift; sourceTree = "<group>"; };
/* End PBXFileReference section */

/* Begin PBXFrameworksBuildPhase section */
		00F0503F20754B190007EE14 /* Frameworks */ = {
			isa = PBXFrameworksBuildPhase;
			buildActionMask = 2147483647;
			files = (
			);
			runOnlyForDeploymentPostprocessing = 0;
		};
/* End PBXFrameworksBuildPhase section */

/* Begin PBXGroup section */
		00F0503920754B190007EE14 = {
			isa = PBXGroup;
			children = (
				00F0504420754B190007EE14 /* Devon-Honig(Final) */,
				00F0504320754B190007EE14 /* Products */,
			);
			sourceTree = "<group>";
		};
		00F0504320754B190007EE14 /* Products */ = {
			isa = PBXGroup;
			children = (
				00F0504220754B190007EE14 /* Devon-Honig(Final).app */,
			);
			name = Products;
			sourceTree = "<group>";
		};
		00F0504420754B190007EE14 /* Devon-Honig(Final) */ = {
			isa = PBXGroup;
			children = (
				00E7984A2096702500742D8C /* Pair.swift */,
				00E7984E2096741300742D8C /* pairCell.swift */,
				00F0504520754B190007EE14 /* AppDelegate.swift */,
				00F0504720754B190007EE14 /* ViewController.swift */,
				00F0505A20754BB40007EE14 /* TableViewController.swift */,
				00F0504920754B190007EE14 /* Main.storyboard */,
				00F0504F20754B190007EE14 /* Assets.xcassets */,
				00F0505120754B190007EE14 /* LaunchScreen.storyboard */,
				00F0505420754B190007EE14 /* Info.plist */,
				00F0504C20754B190007EE14 /* Devon_Honig_Final_.xcdatamodeld */,
				00E79850209674E200742D8C /* defaultSneaker.jpg */,
			);
			path = "Devon-Honig(Final)";
			sourceTree = "<group>";
		};
/* End PBXGroup section */

/* Begin PBXNativeTarget section */
		00F0504120754B190007EE14 /* Devon-Honig(Final) */ = {
			isa = PBXNativeTarget;
			buildConfigurationList = 00F0505720754B190007EE14 /* Build configuration list for PBXNativeTarget "Devon-Honig(Final)" */;
			buildPhases = (
				00F0503E20754B190007EE14 /* Sources */,
				00F0503F20754B190007EE14 /* Frameworks */,
				00F0504020754B190007EE14 /* Resources */,
			);
			buildRules = (
			);
			dependencies = (
			);
			name = "Devon-Honig(Final)";
			productName = "Devon-Honig(Final)";
			productReference = 00F0504220754B190007EE14 /* Devon-Honig(Final).app */;
			productType = "com.apple.product-type.application";
		};
/* End PBXNativeTarget section */

/* Begin PBXProject section */
		00F0503A20754B190007EE14 /* Project object */ = {
			isa = PBXProject;
			attributes = {
				LastSwiftUpdateCheck = 0920;
				LastUpgradeCheck = 0920;
				ORGANIZATIONNAME = "Devon Honig";
				TargetAttributes = {
					00F0504120754B190007EE14 = {
						CreatedOnToolsVersion = 9.2;
						ProvisioningStyle = Automatic;
					};
				};
			};
			buildConfigurationList = 00F0503D20754B190007EE14 /* Build configuration list for PBXProject "Devon-Honig(Final)" */;
			compatibilityVersion = "Xcode 8.0";
			developmentRegion = en;
			hasScannedForEncodings = 0;
			knownRegions = (
				en,
				Base,
			);
			mainGroup = 00F0503920754B190007EE14;
			productRefGroup = 00F0504320754B190007EE14 /* Products */;
			projectDirPath = "";
			projectRoot = "";
			targets = (
				00F0504120754B190007EE14 /* Devon-Honig(Final) */,
			);
		};
/* End PBXProject section */

/* Begin PBXResourcesBuildPhase section */
		00F0504020754B190007EE14 /* Resources */ = {
			isa = PBXResourcesBuildPhase;
			buildActionMask = 2147483647;
			files = (
				00F0505320754B190007EE14 /* LaunchScreen.storyboard in Resources */,
				00F0505020754B190007EE14 /* Assets.xcassets in Resources */,
				00F0504B20754B190007EE14 /* Main.storyboard in Resources */,
				00E79851209674E200742D8C /* defaultSneaker.jpg in Resources */,
			);
			runOnlyForDeploymentPostprocessing = 0;
		};
/* End PBXResourcesBuildPhase section */

/* Begin PBXSourcesBuildPhase section */
		00F0503E20754B190007EE14 /* Sources */ = {
			isa = PBXSourcesBuildPhase;
			buildActionMask = 2147483647;
			files = (
				00F0504820754B190007EE14 /* ViewController.swift in Sources */,
				00F0504E20754B190007EE14 /* Devon_Honig_Final_.xcdatamodeld in Sources */,
				00F0504620754B190007EE14 /* AppDelegate.swift in Sources */,
				00E7984F2096741300742D8C /* pairCell.swift in Sources */,
				00F0505B20754BB40007EE14 /* TableViewController.swift in Sources */,
				00E7984B2096702500742D8C /* Pair.swift in Sources */,
			);
			runOnlyForDeploymentPostprocessing = 0;
		};
/* End PBXSourcesBuildPhase section */

/* Begin PBXVariantGroup section */
		00F0504920754B190007EE14 /* Main.storyboard */ = {
			isa = PBXVariantGroup;
			children = (
				00F0504A20754B190007EE14 /* Base */,
			);
			name = Main.storyboard;
			sourceTree = "<group>";
		};
		00F0505120754B190007EE14 /* LaunchScreen.storyboard */ = {
			isa = PBXVariantGroup;
			children = (
				00F0505220754B190007EE14 /* Base */,
			);
			name = LaunchScreen.storyboard;
			sourceTree = "<group>";
		};
/* End PBXVariantGroup section */

/* Begin XCBuildConfiguration section */
		00F0505520754B190007EE14 /* Debug */ = {
			isa = XCBuildConfiguration;
			buildSettings = {
				ALWAYS_SEARCH_USER_PATHS = NO;
				CLANG_ANALYZER_NONNULL = YES;
				CLANG_ANALYZER_NUMBER_OBJECT_CONVERSION = YES_AGGRESSIVE;
				CLANG_CXX_LANGUAGE_STANDARD = "gnu++14";
				CLANG_CXX_LIBRARY = "libc++";
				CLANG_ENABLE_MODULES = YES;
				CLANG_ENABLE_OBJC_ARC = YES;
				CLANG_WARN_BLOCK_CAPTURE_AUTORELEASING = YES;
				CLANG_WARN_BOOL_CONVERSION = YES;
				CLANG_WARN_COMMA = YES;
				CLANG_WARN_CONSTANT_CONVERSION = YES;
				CLANG_WARN_DIRECT_OBJC_ISA_USAGE = YES_ERROR;
				CLANG_WARN_DOCUMENTATION_COMMENTS = YES;
				CLANG_WARN_EMPTY_BODY = YES;
				CLANG_WARN_ENUM_CONVERSION = YES;
				CLANG_WARN_INFINITE_RECURSION = YES;
				CLANG_WARN_INT_CONVERSION = YES;
				CLANG_WARN_NON_LITERAL_NULL_CONVERSION = YES;
				CLANG_WARN_OBJC_LITERAL_CONVERSION = YES;
				CLANG_WARN_OBJC_ROOT_CLASS = YES_ERROR;
				CLANG_WARN_RANGE_LOOP_ANALYSIS = YES;
				CLANG_WARN_STRICT_PROTOTYPES = YES;
				CLANG_WARN_SUSPICIOUS_MOVE = YES;
				CLANG_WARN_UNGUARDED_AVAILABILITY = YES_AGGRESSIVE;
				CLANG_WARN_UNREACHABLE_CODE = YES;
				CLANG_WARN__DUPLICATE_METHOD_MATCH = YES;
				CODE_SIGN_IDENTITY = "iPhone Developer";
				COPY_PHASE_STRIP = NO;
				DEBUG_INFORMATION_FORMAT = dwarf;
				ENABLE_STRICT_OBJC_MSGSEND = YES;
				ENABLE_TESTABILITY = YES;
				GCC_C_LANGUAGE_STANDARD = gnu11;
				GCC_DYNAMIC_NO_PIC = NO;
				GCC_NO_COMMON_BLOCKS = YES;
				GCC_OPTIMIZATION_LEVEL = 0;
				GCC_PREPROCESSOR_DEFINITIONS = (
					"DEBUG=1",
					"$(inherited)",
				);
				GCC_WARN_64_TO_32_BIT_CONVERSION = YES;
				GCC_WARN_ABOUT_RETURN_TYPE = YES_ERROR;
				GCC_WARN_UNDECLARED_SELECTOR = YES;
				GCC_WARN_UNINITIALIZED_AUTOS = YES_AGGRESSIVE;
				GCC_WARN_UNUSED_FUNCTION = YES;
				GCC_WARN_UNUSED_VARIABLE = YES;
				IPHONEOS_DEPLOYMENT_TARGET = 11.2;
				MTL_ENABLE_DEBUG_INFO = YES;
				ONLY_ACTIVE_ARCH = YES;
				SDKROOT = iphoneos;
				SWIFT_ACTIVE_COMPILATION_CONDITIONS = DEBUG;
				SWIFT_OPTIMIZATION_LEVEL = "-Onone";
			};
			name = Debug;
		};
		00F0505620754B190007EE14 /* Release */ = {
			isa = XCBuildConfiguration;
			buildSettings = {
				ALWAYS_SEARCH_USER_PATHS = NO;
				CLANG_ANALYZER_NONNULL = YES;
				CLANG_ANALYZER_NUMBER_OBJECT_CONVERSION = YES_AGGRESSIVE;
				CLANG_CXX_LANGUAGE_STANDARD = "gnu++14";
				CLANG_CXX_LIBRARY = "libc++";
				CLANG_ENABLE_MODULES = YES;
				CLANG_ENABLE_OBJC_ARC = YES;
				CLANG_WARN_BLOCK_CAPTURE_AUTORELEASING = YES;
				CLANG_WARN_BOOL_CONVERSION = YES;
				CLANG_WARN_COMMA = YES;
				CLANG_WARN_CONSTANT_CONVERSION = YES;
				CLANG_WARN_DIRECT_OBJC_ISA_USAGE = YES_ERROR;
				CLANG_WARN_DOCUMENTATION_COMMENTS = YES;
				CLANG_WARN_EMPTY_BODY = YES;
				CLANG_WARN_ENUM_CONVERSION = YES;
				CLANG_WARN_INFINITE_RECURSION = YES;
				CLANG_WARN_INT_CONVERSION = YES;
				CLANG_WARN_NON_LITERAL_NULL_CONVERSION = YES;
				CLANG_WARN_OBJC_LITERAL_CONVERSION = YES;
				CLANG_WARN_OBJC_ROOT_CLASS = YES_ERROR;
				CLANG_WARN_RANGE_LOOP_ANALYSIS = YES;
				CLANG_WARN_STRICT_PROTOTYPES = YES;
				CLANG_WARN_SUSPICIOUS_MOVE = YES;
				CLANG_WARN_UNGUARDED_AVAILABILITY = YES_AGGRESSIVE;
				CLANG_WARN_UNREACHABLE_CODE = YES;
				CLANG_WARN__DUPLICATE_METHOD_MATCH = YES;
				CODE_SIGN_IDENTITY = "iPhone Developer";
				COPY_PHASE_STRIP = NO;
				DEBUG_INFORMATION_FORMAT = "dwarf-with-dsym";
				ENABLE_NS_ASSERTIONS = NO;
				ENABLE_STRICT_OBJC_MSGSEND = YES;
				GCC_C_LANGUAGE_STANDARD = gnu11;
				GCC_NO_COMMON_BLOCKS = YES;
				GCC_WARN_64_TO_32_BIT_CONVERSION = YES;
				GCC_WARN_ABOUT_RETURN_TYPE = YES_ERROR;
				GCC_WARN_UNDECLARED_SELECTOR = YES;
				GCC_WARN_UNINITIALIZED_AUTOS = YES_AGGRESSIVE;
				GCC_WARN_UNUSED_FUNCTION = YES;
				GCC_WARN_UNUSED_VARIABLE = YES;
				IPHONEOS_DEPLOYMENT_TARGET = 11.2;
				MTL_ENABLE_DEBUG_INFO = NO;
				SDKROOT = iphoneos;
				SWIFT_OPTIMIZATION_LEVEL = "-Owholemodule";
				VALIDATE_PRODUCT = YES;
			};
			name = Release;
		};
		00F0505820754B190007EE14 /* Debug */ = {
			isa = XCBuildConfiguration;
			buildSettings = {
				ASSETCATALOG_COMPILER_APPICON_NAME = AppIcon;
				CODE_SIGN_STYLE = Automatic;
				INFOPLIST_FILE = "Devon-Honig(Final)/Info.plist";
				LD_RUNPATH_SEARCH_PATHS = "$(inherited) @executable_path/Frameworks";
				PRODUCT_BUNDLE_IDENTIFIER = "Honig.Devon-Honig-Final-";
				PRODUCT_NAME = "$(TARGET_NAME)";
				SWIFT_VERSION = 4.0;
				TARGETED_DEVICE_FAMILY = "1,2";
			};
			name = Debug;
		};
		00F0505920754B190007EE14 /* Release */ = {
			isa = XCBuildConfiguration;
			buildSettings = {
				ASSETCATALOG_COMPILER_APPICON_NAME = AppIcon;
				CODE_SIGN_STYLE = Automatic;
				INFOPLIST_FILE = "Devon-Honig(Final)/Info.plist";
				LD_RUNPATH_SEARCH_PATHS = "$(inherited) @executable_path/Frameworks";
				PRODUCT_BUNDLE_IDENTIFIER = "Honig.Devon-Honig-Final-";
				PRODUCT_NAME = "$(TARGET_NAME)";
				SWIFT_VERSION = 4.0;
				TARGETED_DEVICE_FAMILY = "1,2";
			};
			name = Release;
		};
/* End XCBuildConfiguration section */

/* Begin XCConfigurationList section */
		00F0503D20754B190007EE14 /* Build configuration list for PBXProject "Devon-Honig(Final)" */ = {
			isa = XCConfigurationList;
			buildConfigurations = (
				00F0505520754B190007EE14 /* Debug */,
				00F0505620754B190007EE14 /* Release */,
			);
			defaultConfigurationIsVisible = 0;
			defaultConfigurationName = Release;
		};
		00F0505720754B190007EE14 /* Build configuration list for PBXNativeTarget "Devon-Honig(Final)" */ = {
			isa = XCConfigurationList;
			buildConfigurations = (
				00F0505820754B190007EE14 /* Debug */,
				00F0505920754B190007EE14 /* Release */,
			);
			defaultConfigurationIsVisible = 0;
			defaultConfigurationName = Release;
		};
/* End XCConfigurationList section */

/* Begin XCVersionGroup section */
		00F0504C20754B190007EE14 /* Devon_Honig_Final_.xcdatamodeld */ = {
			isa = XCVersionGroup;
			children = (
				00F0504D20754B190007EE14 /* Devon_Honig_Final_.xcdatamodel */,
			);
			currentVersion = 00F0504D20754B190007EE14 /* Devon_Honig_Final_.xcdatamodel */;
			path = Devon_Honig_Final_.xcdatamodeld;
			sourceTree = "<group>";
			versionGroupType = wrapper.xcdatamodel;
		};
/* End XCVersionGroup section */
	};
	rootObject = 00F0503A20754B190007EE14 /* Project object */;
}
